{
  "name": "sharetube-extension",
  "lockfileVersion": 3,
  "requires": true,
  "packages": {
    "": {
      "name": "sharetube-extension",
      "devDependencies": {
        "chrome-types": "^0.1",
        "prettier": "^3",
        "typescript": "^5"
      }
    },
    "node_modules/chrome-types": {
      "version": "0.1.415",
      "resolved": "https://registry.npmjs.org/chrome-types/-/chrome-types-0.1.415.tgz",
      "integrity": "sha512-8xoikSoWsppCbGTKsJ6n8V6sJIMNBCIWcnmomrpfLNuZ3MOFZ9Zk2RFtGaKc7MCV+ct82jPJuPYSbfwbbyzuLw==",
      "dev": true,
      "license": "Apache-2.0"
    },
    "node_modules/prettier": {
      "version": "3.8.1",
      "resolved": "https://registry.npmjs.org/prettier/-/prettier-3.8.1.tgz",
      "integrity": "sha512-UOnG6LftzbdaHZcKoPFtOcCKztrQ57WkHDeRD9t/PTQtmT0NHSeWWepj6pS0z/N7+08BHFDQVUrfmfMRcZwbMg==",
      "dev": true,
      "license": "MIT",
      "bin": {
        "prettier": "bin/prettier.cjs"
      },
      "engines": {
        "node": ">=14"
      },
      "funding": {
        "url": "https://github.com/prettier/prettier?sponsor=1"
      }
    },
    "node_modules/typescript": {
      "version": "5.9.3",
      "resolved": "https://registry.npmjs.org/typescript/-/typescript-5.9.3.tgz",
      "integrity": "sha512-jl1vZzPDinLr9eUt3J/t7V6FgNEw9QjvBPdysz9KfQDD41fQrC2Y4vKQdiaUpFT4bXlb1RHhLpp8wtm6M5TgSw==",
      "dev": true,
      "license": "Apache-2.0",
      "bin": {
        "tsc": "bin/tsc",
        "tsserver": "bin/tsserver"
      },
      "engines": {
        "node": ">=14.17"
      }
    }
  }
}
